# THIS IS AN AUTOGENERATED FILE. DO NOT EDIT THIS FILE DIRECTLY.
# yarn lockfile v1


"@angular/animations@^12.0.0 || ^13.0.0-0", "@angular/animations@13.3.11":
  "integrity" "sha512-KE/3RuvixHIk9YTSwaUsezsUm9Ig9Y8rZMpHOT/8bRtzPiJ5ld2GnDHjrJgyZn7TdoP4wz4YCta5eC4ycu+KCw=="
  "resolved" "https://registry.npmjs.org/@angular/animations/-/animations-13.3.11.tgz"
  "version" "13.3.11"
  dependencies:
    "tslib" "^2.3.0"

"@angular/cdk@12.1", "@angular/cdk@12.1.4":
  "integrity" "sha512-so8HP7jRNkGfdTkPmFVqyW4pj1vU0ASG1NaZMDXnin44PVjbJpaKhQsArhQ/yOmRP9XzP6TR3zHzmxszfGiaKg=="
  "resolved" "https://registry.npmjs.org/@angular/cdk/-/cdk-12.1.4.tgz"
  "version" "12.1.4"
  dependencies:
    "tslib" "^2.2.0"
  optionalDependencies:
    "parse5" "^5.0.0"

"@angular/common@^12.0.0 || ^13.0.0-0", "@angular/common@>=9.0.0", "@angular/common@13.3.11":
  "integrity" "sha512-gPMwDYIAag1izXm2tRQ6EOIx9FVEUqLdr+qYtRVoQtoBmfkoTSLGcpeBXqqlPVxVPbA6Li1WZZT5wxLLlLAN+Q=="
  "resolved" "https://registry.npmjs.org/@angular/common/-/common-13.3.11.tgz"
  "version" "13.3.11"
  dependencies:
    "tslib" "^2.3.0"

"@angular/core@^12.0.0 || ^13.0.0-0", "@angular/core@13.3.11":
  "integrity" "sha512-9BmE2CxyV0g+AkBeuc8IwjSOiJ8Y+kptXnqD/J8EAFT3B0/fLGVnjFdZC6Sev9L0SNZb6qdzebpfIOLqbUjReQ=="
  "resolved" "https://registry.npmjs.org/@angular/core/-/core-13.3.11.tgz"
  "version" "13.3.11"
  dependencies:
    "tslib" "^2.3.0"

"@angular/forms@^12.0.0 || ^13.0.0-0":
  "integrity" "sha512-iMgTNB+Qc3TsfAZSk1FnUE6MVoddPzxhG9AKCfSlvpjFh8VmXkIjxPL3dun7J8OjayT3X+B8f7LZ9AkKNXtBKw=="
  "resolved" "https://registry.npmjs.org/@angular/forms/-/forms-13.3.11.tgz"
  "version" "13.3.11"
  dependencies:
    "tslib" "^2.3.0"

"@angular/material-moment-adapter@^12.1.4":
  "integrity" "sha512-kSpS3M5YBZ6/DricGWIxP36gjTWh3x4GOKXS7u/arEqEive61ddbaQKIwaNVvPpGsQ+TxqWWnPgj9ElxfsTBYQ=="
  "resolved" "https://registry.npmjs.org/@angular/material-moment-adapter/-/material-moment-adapter-12.1.4.tgz"
  "version" "12.1.4"
  dependencies:
    "tslib" "^2.2.0"

"@angular/material@12.1", "@angular/material@12.1.4":
  "integrity" "sha512-lfBuk+3fxOvyIf9PknVIIC1DxYOimru06FpXq74lNcrNZcX3qCdDe/KmNbR50Wy0aEC4cOPXxJuPqm7wT8z2vg=="
  "resolved" "https://registry.npmjs.org/@angular/material/-/material-12.1.4.tgz"
  "version" "12.1.4"
  dependencies:
    "tslib" "^2.2.0"

"@angular/platform-browser@13.3.11":
  "integrity" "sha512-PG3chCErARb6wNzkOed2NsZmgvTmbumRx/6sMXqGkDKXYQm0JULnl4X42Rn+JCgJ9DLJi5/jrd1dbcBCrKk9Vg=="
  "resolved" "https://registry.npmjs.org/@angular/platform-browser/-/platform-browser-13.3.11.tgz"
  "version" "13.3.11"
  dependencies:
    "tslib" "^2.3.0"

"@auth0/angular-jwt@^5.0.2":
  "integrity" "sha512-rSamC9mu+gUxoR86AXcIo+KD7xRIro+/iu1F2Ld85YAZEVKlpB5vYG+g0yGaEOqjtQWP/i0H6fi6XMGPVHSYYQ=="
  "resolved" "https://registry.npmjs.org/@auth0/angular-jwt/-/angular-jwt-5.0.2.tgz"
  "version" "5.0.2"
  dependencies:
    "tslib" "^2.0.0"

"moment@^2.18.1", "moment@^2.29.4":
  "integrity" "sha512-5LC9SOxjSc2HF6vO2CyuTDNivEdoz2IvyJJGj6X8DJ0eFyfszE0QiEd+iXmBvUP3WHxSjFH/vIsA0EN00cgr8w=="
  "resolved" "https://registry.npmjs.org/moment/-/moment-2.29.4.tgz"
  "version" "2.29.4"

"parse5@^5.0.0":
  "integrity" "sha512-ugq4DFI0Ptb+WWjAdOK16+u/nHfiIrcE+sh8kZMaM0WllQKLI9rOUq6c2b7cwPkXdzfQESqvoqK6ug7U/Yyzug=="
  "resolved" "https://registry.npmjs.org/parse5/-/parse5-5.1.1.tgz"
  "version" "5.1.1"

"rxjs@^6.5.3", "rxjs@^6.5.3 || ^7.4.0":
  "integrity" "sha512-hTdwr+7yYNIT5n4AMYp85KA6yw2Va0FLa3Rguvbpa4W3I5xynaBZo41cM3XM+4Q6fRMj3sBYIR1VAmZMXYJvRQ=="
  "resolved" "https://registry.npmjs.org/rxjs/-/rxjs-6.6.7.tgz"
  "version" "6.6.7"
  dependencies:
    "tslib" "^1.9.0"

"tslib@^1.9.0":
  "integrity" "sha512-Xni35NKzjgMrwevysHTCArtLDpPvye8zV/0E4EyYn43P7/7qvQwPh9BGkHewbMulVntbigmcT7rdX3BNo9wRJg=="
  "resolved" "https://registry.npmjs.org/tslib/-/tslib-1.14.1.tgz"
  "version" "1.14.1"

"tslib@^2.0.0", "tslib@^2.2.0", "tslib@^2.3.0":
  "integrity" "sha512-d6xOpEDfsi2CZVlPQzGeux8XMwLT9hssAsaPYExaQMuYskwb+x1x7J371tWlbBdWHroy99KnVB6qIkUbs5X3UQ=="
  "resolved" "https://registry.npmjs.org/tslib/-/tslib-2.4.0.tgz"
  "version" "2.4.0"

"zone.js@~0.11.4":
  "integrity" "sha512-82bctBg2hKcEJ21humWIkXRlLBBmrc3nN7DFh5LGGhcyycO2S7FN8NmdvlcKaGFDNVL4/9kFLmwmInTavdJERA=="
  "resolved" "https://registry.npmjs.org/zone.js/-/zone.js-0.11.8.tgz"
  "version" "0.11.8"
  dependencies:
    "tslib" "^2.3.0"
