# THIS IS AN AUTOGENERATED FILE. DO NOT EDIT THIS FILE DIRECTLY.
# yarn lockfile v1


"@angular/cdk@12.1":
  version "12.1.4"
  resolved "https://registry.yarnpkg.com/@angular/cdk/-/cdk-12.1.4.tgz#321bbbdd79f1173b61314608927a8412576b3ac8"
  integrity sha512-so8HP7jRNkGfdTkPmFVqyW4pj1vU0ASG1NaZMDXnin44PVjbJpaKhQsArhQ/yOmRP9XzP6TR3zHzmxszfGiaKg==
  dependencies:
    tslib "^2.2.0"
  optionalDependencies:
    parse5 "^5.0.0"

"@angular/material@12.1":
  version "12.1.4"
  resolved "https://registry.yarnpkg.com/@angular/material/-/material-12.1.4.tgz#444a875ab42b6c158dc68b5bc2ca5e59bac11028"
  integrity sha512-lfBuk+3fxOvyIf9PknVIIC1DxYOimru06FpXq74lNcrNZcX3qCdDe/KmNbR50Wy0aEC4cOPXxJuPqm7wT8z2vg==
  dependencies:
    tslib "^2.2.0"

parse5@^5.0.0:
  version "5.1.1"
  resolved "https://registry.yarnpkg.com/parse5/-/parse5-5.1.1.tgz#f68e4e5ba1852ac2cadc00f4555fff6c2abb6178"
  integrity sha512-ugq4DFI0Ptb+WWjAdOK16+u/nHfiIrcE+sh8kZMaM0WllQKLI9rOUq6c2b7cwPkXdzfQESqvoqK6ug7U/Yyzug==

tslib@^2.2.0:
  version "2.4.0"
  resolved "https://registry.yarnpkg.com/tslib/-/tslib-2.4.0.tgz#7cecaa7f073ce680a05847aa77be941098f36dc3"
  integrity sha512-d6xOpEDfsi2CZVlPQzGeux8XMwLT9hssAsaPYExaQMuYskwb+x1x7J371tWlbBdWHroy99KnVB6qIkUbs5X3UQ==
